
Microsoft Visual Studio Solution File, Format Version 12.00
# Visual Studio Version 17
VisualStudioVersion = 17.11.35222.181
MinimumVisualStudioVersion = 10.0.40219.1
Project("{9A19103F-16F7-4668-BE54-9A1E7A4F7556}") = "OfficePerformanceReview.Shared", "Shared\OfficePerformanceReview.Shared.csproj", "{2D6B1C00-FDB6-474F-AAB2-398C6BB3B412}"
EndProject
Project("{9A19103F-16F7-4668-BE54-9A1E7A4F7556}") = "OfficePerformanceReview.Domain", "Domain\OfficePerformanceReview.Domain.csproj", "{7E8D2952-6D89-4E78-9B14-1068C24B2BF0}"
EndProject
Project("{2150E333-8FDC-42A3-9474-1A3956D46DE8}") = "Test", "Test", "{7A520394-D2C2-4B33-8F5C-22A8B9B02265}"
EndProject
Project("{FAE04EC0-301F-11D3-BF4B-00C04F79EFBC}") = "OfficePerformanceReview.DomainTest", "Test\OfficePerformanceReview.DomainTest\OfficePerformanceReview.DomainTest.csproj", "{7FB4CC5F-F4E7-4162-B5AC-E5D2C5DB6E2C}"
EndProject
Global
	GlobalSection(SolutionConfigurationPlatforms) = preSolution
		Debug|Any CPU = Debug|Any CPU
		Release|Any CPU = Release|Any CPU
	EndGlobalSection
	GlobalSection(ProjectConfigurationPlatforms) = postSolution
		{2D6B1C00-FDB6-474F-AAB2-398C6BB3B412}.Debug|Any CPU.ActiveCfg = Debug|Any CPU
		{2D6B1C00-FDB6-474F-AAB2-398C6BB3B412}.Debug|Any CPU.Build.0 = Debug|Any CPU
		{2D6B1C00-FDB6-474F-AAB2-398C6BB3B412}.Release|Any CPU.ActiveCfg = Release|Any CPU
		{2D6B1C00-FDB6-474F-AAB2-398C6BB3B412}.Release|Any CPU.Build.0 = Release|Any CPU
		{7E8D2952-6D89-4E78-9B14-1068C24B2BF0}.Debug|Any CPU.ActiveCfg = Debug|Any CPU
		{7E8D2952-6D89-4E78-9B14-1068C24B2BF0}.Debug|Any CPU.Build.0 = Debug|Any CPU
		{7E8D2952-6D89-4E78-9B14-1068C24B2BF0}.Release|Any CPU.ActiveCfg = Release|Any CPU
		{7E8D2952-6D89-4E78-9B14-1068C24B2BF0}.Release|Any CPU.Build.0 = Release|Any CPU
		{7FB4CC5F-F4E7-4162-B5AC-E5D2C5DB6E2C}.Debug|Any CPU.ActiveCfg = Debug|Any CPU
		{7FB4CC5F-F4E7-4162-B5AC-E5D2C5DB6E2C}.Debug|Any CPU.Build.0 = Debug|Any CPU
		{7FB4CC5F-F4E7-4162-B5AC-E5D2C5DB6E2C}.Release|Any CPU.ActiveCfg = Release|Any CPU
		{7FB4CC5F-F4E7-4162-B5AC-E5D2C5DB6E2C}.Release|Any CPU.Build.0 = Release|Any CPU
	EndGlobalSection
	GlobalSection(SolutionProperties) = preSolution
		HideSolutionNode = FALSE
	EndGlobalSection
	GlobalSection(NestedProjects) = preSolution
		{7FB4CC5F-F4E7-4162-B5AC-E5D2C5DB6E2C} = {7A520394-D2C2-4B33-8F5C-22A8B9B02265}
	EndGlobalSection
	GlobalSection(ExtensibilityGlobals) = postSolution
		SolutionGuid = {3317ADAC-7710-4369-B756-CA5945F794CB}
	EndGlobalSection
EndGlobal
